// !$*UTF8*$!
{
	archiveVersion = 1;
	classes = {
	};
	objectVersion = 56;
	objects = {

/* Begin PBXBuildFile section */
		AD1F7AE82AA2F2CD00A9EECA /* AppDelegate.swift in Sources */ = {isa = PBXBuildFile; fileRef = AD1F7AE72AA2F2CD00A9EECA /* AppDelegate.swift */; };
		AD1F7AEA2AA2F2CD00A9EECA /* SceneDelegate.swift in Sources */ = {isa = PBXBuildFile; fileRef = AD1F7AE92AA2F2CD00A9EECA /* SceneDelegate.swift */; };
		AD1F7AEC2AA2F2CD00A9EECA /* ViewController.swift in Sources */ = {isa = PBXBuildFile; fileRef = AD1F7AEB2AA2F2CD00A9EECA /* ViewController.swift */; };
		AD1F7AEF2AA2F2CD00A9EECA /* Main.storyboard in Resources */ = {isa = PBXBuildFile; fileRef = AD1F7AED2AA2F2CD00A9EECA /* Main.storyboard */; };
		AD1F7AF12AA2F2D100A9EECA /* Assets.xcassets in Resources */ = {isa = PBXBuildFile; fileRef = AD1F7AF02AA2F2D100A9EECA /* Assets.xcassets */; };
		AD1F7AF42AA2F2D100A9EECA /* LaunchScreen.storyboard in Resources */ = {isa = PBXBuildFile; fileRef = AD1F7AF22AA2F2D100A9EECA /* LaunchScreen.storyboard */; };
		AD1F7AFC2AA2F9E500A9EECA /* APIHandler.swift in Sources */ = {isa = PBXBuildFile; fileRef = AD1F7AFB2AA2F9E500A9EECA /* APIHandler.swift */; };
		AD1F7AFE2AA3041300A9EECA /* NetworkHandler.swift in Sources */ = {isa = PBXBuildFile; fileRef = AD1F7AFD2AA3041300A9EECA /* NetworkHandler.swift */; };
		AD1F7B002AA36A3A00A9EECA /* CommentsService.swift in Sources */ = {isa = PBXBuildFile; fileRef = AD1F7AFF2AA36A3A00A9EECA /* CommentsService.swift */; };
		AD1F7B022AA36BE600A9EECA /* CommentsModel.swift in Sources */ = {isa = PBXBuildFile; fileRef = AD1F7B012AA36BE600A9EECA /* CommentsModel.swift */; };
		AD1F7B042AA36C6D00A9EECA /* CommentsViewModel.swift in Sources */ = {isa = PBXBuildFile; fileRef = AD1F7B032AA36C6D00A9EECA /* CommentsViewModel.swift */; };
		AD1F7B062AA471E800A9EECA /* CommentsCell.xib in Resources */ = {isa = PBXBuildFile; fileRef = AD1F7B052AA471E800A9EECA /* CommentsCell.xib */; };
		AD1F7B082AA4720400A9EECA /* CommentsCell.swift in Sources */ = {isa = PBXBuildFile; fileRef = AD1F7B072AA4720400A9EECA /* CommentsCell.swift */; };
/* End PBXBuildFile section */

/* Begin PBXFileReference section */
		AD1F7AE42AA2F2CD00A9EECA /* SwiftAPICall.app */ = {isa = PBXFileReference; explicitFileType = wrapper.application; includeInIndex = 0; path = SwiftAPICall.app; sourceTree = BUILT_PRODUCTS_DIR; };
		AD1F7AE72AA2F2CD00A9EECA /* AppDelegate.swift */ = {isa = PBXFileReference; lastKnownFileType = sourcecode.swift; path = AppDelegate.swift; sourceTree = "<group>"; };
		AD1F7AE92AA2F2CD00A9EECA /* SceneDelegate.swift */ = {isa = PBXFileReference; lastKnownFileType = sourcecode.swift; path = SceneDelegate.swift; sourceTree = "<group>"; };
		AD1F7AEB2AA2F2CD00A9EECA /* ViewController.swift */ = {isa = PBXFileReference; lastKnownFileType = sourcecode.swift; path = ViewController.swift; sourceTree = "<group>"; };
		AD1F7AEE2AA2F2CD00A9EECA /* Base */ = {isa = PBXFileReference; lastKnownFileType = file.storyboard; name = Base; path = Base.lproj/Main.storyboard; sourceTree = "<group>"; };
		AD1F7AF02AA2F2D100A9EECA /* Assets.xcassets */ = {isa = PBXFileReference; lastKnownFileType = folder.assetcatalog; path = Assets.xcassets; sourceTree = "<group>"; };
		AD1F7AF32AA2F2D100A9EECA /* Base */ = {isa = PBXFileReference; lastKnownFileType = file.storyboard; name = Base; path = Base.lproj/LaunchScreen.storyboard; sourceTree = "<group>"; };
		AD1F7AF52AA2F2D100A9EECA /* Info.plist */ = {isa = PBXFileReference; lastKnownFileType = text.plist.xml; path = Info.plist; sourceTree = "<group>"; };
		AD1F7AFB2AA2F9E500A9EECA /* APIHandler.swift */ = {isa = PBXFileReference; lastKnownFileType = sourcecode.swift; path = APIHandler.swift; sourceTree = "<group>"; };
		AD1F7AFD2AA3041300A9EECA /* NetworkHandler.swift */ = {isa = PBXFileReference; lastKnownFileType = sourcecode.swift; path = NetworkHandler.swift; sourceTree = "<group>"; };
		AD1F7AFF2AA36A3A00A9EECA /* CommentsService.swift */ = {isa = PBXFileReference; lastKnownFileType = sourcecode.swift; path = CommentsService.swift; sourceTree = "<group>"; };
		AD1F7B012AA36BE600A9EECA /* CommentsModel.swift */ = {isa = PBXFileReference; lastKnownFileType = sourcecode.swift; path = CommentsModel.swift; sourceTree = "<group>"; };
		AD1F7B032AA36C6D00A9EECA /* CommentsViewModel.swift */ = {isa = PBXFileReference; lastKnownFileType = sourcecode.swift; path = CommentsViewModel.swift; sourceTree = "<group>"; };
		AD1F7B052AA471E800A9EECA /* CommentsCell.xib */ = {isa = PBXFileReference; lastKnownFileType = file.xib; path = CommentsCell.xib; sourceTree = "<group>"; };
		AD1F7B072AA4720400A9EECA /* CommentsCell.swift */ = {isa = PBXFileReference; lastKnownFileType = sourcecode.swift; path = CommentsCell.swift; sourceTree = "<group>"; };
/* End PBXFileReference section */

/* Begin PBXFrameworksBuildPhase section */
		AD1F7AE12AA2F2CD00A9EECA /* Frameworks */ = {
			isa = PBXFrameworksBuildPhase;
			buildActionMask = 2147483647;
			files = (
			);
			runOnlyForDeploymentPostprocessing = 0;
		};
/* End PBXFrameworksBuildPhase section */

/* Begin PBXGroup section */
		AD1F7ADB2AA2F2CD00A9EECA = {
			isa = PBXGroup;
			children = (
				AD1F7AE62AA2F2CD00A9EECA /* SwiftAPICall */,
				AD1F7AE52AA2F2CD00A9EECA /* Products */,
			);
			sourceTree = "<group>";
		};
		AD1F7AE52AA2F2CD00A9EECA /* Products */ = {
			isa = PBXGroup;
			children = (
				AD1F7AE42AA2F2CD00A9EECA /* SwiftAPICall.app */,
			);
			name = Products;
			sourceTree = "<group>";
		};
		AD1F7AE62AA2F2CD00A9EECA /* SwiftAPICall */ = {
			isa = PBXGroup;
			children = (
				ADC666922AA5AAB2003BBBED /* Storyboard */,
				ADC666912AA5AAA8003BBBED /* Assets */,
				ADC666902AA5AA95003BBBED /* AppDelegate */,
				ADC6668F2AA5AA4F003BBBED /* RESTManager */,
				ADC6668E2AA5AA2B003BBBED /* ServiceManager */,
				ADC6668D2AA5AA0C003BBBED /* NetworkManager */,
				ADC6668C2AA5A9F1003BBBED /* Model */,
				ADC6668B2AA5A9D2003BBBED /* View */,
				ADC6668A2AA5A9BE003BBBED /* ViewModel */,
				ADC666892AA5A9AC003BBBED /* ViewController */,
				AD1F7AF52AA2F2D100A9EECA /* Info.plist */,
			);
			path = SwiftAPICall;
			sourceTree = "<group>";
		};
		ADC666892AA5A9AC003BBBED /* ViewController */ = {
			isa = PBXGroup;
			children = (
				AD1F7AEB2AA2F2CD00A9EECA /* ViewController.swift */,
			);
			path = ViewController;
			sourceTree = "<group>";
		};
		ADC6668A2AA5A9BE003BBBED /* ViewModel */ = {
			isa = PBXGroup;
			children = (
				AD1F7B032AA36C6D00A9EECA /* CommentsViewModel.swift */,
			);
			path = ViewModel;
			sourceTree = "<group>";
		};
		ADC6668B2AA5A9D2003BBBED /* View */ = {
			isa = PBXGroup;
			children = (
				AD1F7B052AA471E800A9EECA /* CommentsCell.xib */,
				AD1F7B072AA4720400A9EECA /* CommentsCell.swift */,
			);
			path = View;
			sourceTree = "<group>";
		};
		ADC6668C2AA5A9F1003BBBED /* Model */ = {
			isa = PBXGroup;
			children = (
				AD1F7B012AA36BE600A9EECA /* CommentsModel.swift */,
			);
			path = Model;
			sourceTree = "<group>";
		};
		ADC6668D2AA5AA0C003BBBED /* NetworkManager */ = {
			isa = PBXGroup;
			children = (
				AD1F7AFD2AA3041300A9EECA /* NetworkHandler.swift */,
			);
			path = NetworkManager;
			sourceTree = "<group>";
		};
		ADC6668E2AA5AA2B003BBBED /* ServiceManager */ = {
			isa = PBXGroup;
			children = (
				AD1F7AFF2AA36A3A00A9EECA /* CommentsService.swift */,
			);
			path = ServiceManager;
			sourceTree = "<group>";
		};
		ADC6668F2AA5AA4F003BBBED /* RESTManager */ = {
			isa = PBXGroup;
			children = (
				AD1F7AFB2AA2F9E500A9EECA /* APIHandler.swift */,
			);
			path = RESTManager;
			sourceTree = "<group>";
		};
		ADC666902AA5AA95003BBBED /* AppDelegate */ = {
			isa = PBXGroup;
			children = (
				AD1F7AE92AA2F2CD00A9EECA /* SceneDelegate.swift */,
				AD1F7AE72AA2F2CD00A9EECA /* AppDelegate.swift */,
			);
			path = AppDelegate;
			sourceTree = "<group>";
		};
		ADC666912AA5AAA8003BBBED /* Assets */ = {
			isa = PBXGroup;
			children = (
				AD1F7AF02AA2F2D100A9EECA /* Assets.xcassets */,
			);
			path = Assets;
			sourceTree = "<group>";
		};
		ADC666922AA5AAB2003BBBED /* Storyboard */ = {
			isa = PBXGroup;
			children = (
				AD1F7AED2AA2F2CD00A9EECA /* Main.storyboard */,
				AD1F7AF22AA2F2D100A9EECA /* LaunchScreen.storyboard */,
			);
			path = Storyboard;
			sourceTree = "<group>";
		};
/* End PBXGroup section */

/* Begin PBXNativeTarget section */
		AD1F7AE32AA2F2CD00A9EECA /* SwiftAPICall */ = {
			isa = PBXNativeTarget;
			buildConfigurationList = AD1F7AF82AA2F2D100A9EECA /* Build configuration list for PBXNativeTarget "SwiftAPICall" */;
			buildPhases = (
				AD1F7AE02AA2F2CD00A9EECA /* Sources */,
				AD1F7AE12AA2F2CD00A9EECA /* Frameworks */,
				AD1F7AE22AA2F2CD00A9EECA /* Resources */,
			);
			buildRules = (
			);
			dependencies = (
			);
			name = SwiftAPICall;
			productName = SwiftAPICall;
			productReference = AD1F7AE42AA2F2CD00A9EECA /* SwiftAPICall.app */;
			productType = "com.apple.product-type.application";
		};
/* End PBXNativeTarget section */

/* Begin PBXProject section */
		AD1F7ADC2AA2F2CD00A9EECA /* Project object */ = {
			isa = PBXProject;
			attributes = {
				BuildIndependentTargetsInParallel = 1;
				LastSwiftUpdateCheck = 1420;
				LastUpgradeCheck = 1420;
				TargetAttributes = {
					AD1F7AE32AA2F2CD00A9EECA = {
						CreatedOnToolsVersion = 14.2;
					};
				};
			};
			buildConfigurationList = AD1F7ADF2AA2F2CD00A9EECA /* Build configuration list for PBXProject "SwiftAPICall" */;
			compatibilityVersion = "Xcode 14.0";
			developmentRegion = en;
			hasScannedForEncodings = 0;
			knownRegions = (
				en,
				Base,
			);
			mainGroup = AD1F7ADB2AA2F2CD00A9EECA;
			productRefGroup = AD1F7AE52AA2F2CD00A9EECA /* Products */;
			projectDirPath = "";
			projectRoot = "";
			targets = (
				AD1F7AE32AA2F2CD00A9EECA /* SwiftAPICall */,
			);
		};
/* End PBXProject section */

/* Begin PBXResourcesBuildPhase section */
		AD1F7AE22AA2F2CD00A9EECA /* Resources */ = {
			isa = PBXResourcesBuildPhase;
			buildActionMask = 2147483647;
			files = (
				AD1F7AF42AA2F2D100A9EECA /* LaunchScreen.storyboard in Resources */,
				AD1F7AF12AA2F2D100A9EECA /* Assets.xcassets in Resources */,
				AD1F7AEF2AA2F2CD00A9EECA /* Main.storyboard in Resources */,
				AD1F7B062AA471E800A9EECA /* CommentsCell.xib in Resources */,
			);
			runOnlyForDeploymentPostprocessing = 0;
		};
/* End PBXResourcesBuildPhase section */

/* Begin PBXSourcesBuildPhase section */
		AD1F7AE02AA2F2CD00A9EECA /* Sources */ = {
			isa = PBXSourcesBuildPhase;
			buildActionMask = 2147483647;
			files = (
				AD1F7AEC2AA2F2CD00A9EECA /* ViewController.swift in Sources */,
				AD1F7B082AA4720400A9EECA /* CommentsCell.swift in Sources */,
				AD1F7AE82AA2F2CD00A9EECA /* AppDelegate.swift in Sources */,
				AD1F7AFE2AA3041300A9EECA /* NetworkHandler.swift in Sources */,
				AD1F7B002AA36A3A00A9EECA /* CommentsService.swift in Sources */,
				AD1F7B042AA36C6D00A9EECA /* CommentsViewModel.swift in Sources */,
				AD1F7AEA2AA2F2CD00A9EECA /* SceneDelegate.swift in Sources */,
				AD1F7B022AA36BE600A9EECA /* CommentsModel.swift in Sources */,
				AD1F7AFC2AA2F9E500A9EECA /* APIHandler.swift in Sources */,
			);
			runOnlyForDeploymentPostprocessing = 0;
		};
/* End PBXSourcesBuildPhase section */

/* Begin PBXVariantGroup section */
		AD1F7AED2AA2F2CD00A9EECA /* Main.storyboard */ = {
			isa = PBXVariantGroup;
			children = (
				AD1F7AEE2AA2F2CD00A9EECA /* Base */,
			);
			name = Main.storyboard;
			sourceTree = "<group>";
		};
		AD1F7AF22AA2F2D100A9EECA /* LaunchScreen.storyboard */ = {
			isa = PBXVariantGroup;
			children = (
				AD1F7AF32AA2F2D100A9EECA /* Base */,
			);
			name = LaunchScreen.storyboard;
			sourceTree = "<group>";
		};
/* End PBXVariantGroup section */

/* Begin XCBuildConfiguration section */
		AD1F7AF62AA2F2D100A9EECA /* Debug */ = {
			isa = XCBuildConfiguration;
			buildSettings = {
				ALWAYS_SEARCH_USER_PATHS = NO;
				CLANG_ANALYZER_NONNULL = YES;
				CLANG_ANALYZER_NUMBER_OBJECT_CONVERSION = YES_AGGRESSIVE;
				CLANG_CXX_LANGUAGE_STANDARD = "gnu++20";
				CLANG_ENABLE_MODULES = YES;
				CLANG_ENABLE_OBJC_ARC = YES;
				CLANG_ENABLE_OBJC_WEAK = YES;
				CLANG_WARN_BLOCK_CAPTURE_AUTORELEASING = YES;
				CLANG_WARN_BOOL_CONVERSION = YES;
				CLANG_WARN_COMMA = YES;
				CLANG_WARN_CONSTANT_CONVERSION = YES;
				CLANG_WARN_DEPRECATED_OBJC_IMPLEMENTATIONS = YES;
				CLANG_WARN_DIRECT_OBJC_ISA_USAGE = YES_ERROR;
				CLANG_WARN_DOCUMENTATION_COMMENTS = YES;
				CLANG_WARN_EMPTY_BODY = YES;
				CLANG_WARN_ENUM_CONVERSION = YES;
				CLANG_WARN_INFINITE_RECURSION = YES;
				CLANG_WARN_INT_CONVERSION = YES;
				CLANG_WARN_NON_LITERAL_NULL_CONVERSION = YES;
				CLANG_WARN_OBJC_IMPLICIT_RETAIN_SELF = YES;
				CLANG_WARN_OBJC_LITERAL_CONVERSION = YES;
				CLANG_WARN_OBJC_ROOT_CLASS = YES_ERROR;
				CLANG_WARN_QUOTED_INCLUDE_IN_FRAMEWORK_HEADER = YES;
				CLANG_WARN_RANGE_LOOP_ANALYSIS = YES;
				CLANG_WARN_STRICT_PROTOTYPES = YES;
				CLANG_WARN_SUSPICIOUS_MOVE = YES;
				CLANG_WARN_UNGUARDED_AVAILABILITY = YES_AGGRESSIVE;
				CLANG_WARN_UNREACHABLE_CODE = YES;
				CLANG_WARN__DUPLICATE_METHOD_MATCH = YES;
				COPY_PHASE_STRIP = NO;
				DEBUG_INFORMATION_FORMAT = dwarf;
				ENABLE_STRICT_OBJC_MSGSEND = YES;
				ENABLE_TESTABILITY = YES;
				GCC_C_LANGUAGE_STANDARD = gnu11;
				GCC_DYNAMIC_NO_PIC = NO;
				GCC_NO_COMMON_BLOCKS = YES;
				GCC_OPTIMIZATION_LEVEL = 0;
				GCC_PREPROCESSOR_DEFINITIONS = (
					"DEBUG=1",
					"$(inherited)",
				);
				GCC_WARN_64_TO_32_BIT_CONVERSION = YES;
				GCC_WARN_ABOUT_RETURN_TYPE = YES_ERROR;
				GCC_WARN_UNDECLARED_SELECTOR = YES;
				GCC_WARN_UNINITIALIZED_AUTOS = YES_AGGRESSIVE;
				GCC_WARN_UNUSED_FUNCTION = YES;
				GCC_WARN_UNUSED_VARIABLE = YES;
				IPHONEOS_DEPLOYMENT_TARGET = 16.2;
				MTL_ENABLE_DEBUG_INFO = INCLUDE_SOURCE;
				MTL_FAST_MATH = YES;
				ONLY_ACTIVE_ARCH = YES;
				SDKROOT = iphoneos;
				SWIFT_ACTIVE_COMPILATION_CONDITIONS = DEBUG;
				SWIFT_OPTIMIZATION_LEVEL = "-Onone";
			};
			name = Debug;
		};
		AD1F7AF72AA2F2D100A9EECA /* Release */ = {
			isa = XCBuildConfiguration;
			buildSettings = {
				ALWAYS_SEARCH_USER_PATHS = NO;
				CLANG_ANALYZER_NONNULL = YES;
				CLANG_ANALYZER_NUMBER_OBJECT_CONVERSION = YES_AGGRESSIVE;
				CLANG_CXX_LANGUAGE_STANDARD = "gnu++20";
				CLANG_ENABLE_MODULES = YES;
				CLANG_ENABLE_OBJC_ARC = YES;
				CLANG_ENABLE_OBJC_WEAK = YES;
				CLANG_WARN_BLOCK_CAPTURE_AUTORELEASING = YES;
				CLANG_WARN_BOOL_CONVERSION = YES;
				CLANG_WARN_COMMA = YES;
				CLANG_WARN_CONSTANT_CONVERSION = YES;
				CLANG_WARN_DEPRECATED_OBJC_IMPLEMENTATIONS = YES;
				CLANG_WARN_DIRECT_OBJC_ISA_USAGE = YES_ERROR;
				CLANG_WARN_DOCUMENTATION_COMMENTS = YES;
				CLANG_WARN_EMPTY_BODY = YES;
				CLANG_WARN_ENUM_CONVERSION = YES;
				CLANG_WARN_INFINITE_RECURSION = YES;
				CLANG_WARN_INT_CONVERSION = YES;
				CLANG_WARN_NON_LITERAL_NULL_CONVERSION = YES;
				CLANG_WARN_OBJC_IMPLICIT_RETAIN_SELF = YES;
				CLANG_WARN_OBJC_LITERAL_CONVERSION = YES;
				CLANG_WARN_OBJC_ROOT_CLASS = YES_ERROR;
				CLANG_WARN_QUOTED_INCLUDE_IN_FRAMEWORK_HEADER = YES;
				CLANG_WARN_RANGE_LOOP_ANALYSIS = YES;
				CLANG_WARN_STRICT_PROTOTYPES = YES;
				CLANG_WARN_SUSPICIOUS_MOVE = YES;
				CLANG_WARN_UNGUARDED_AVAILABILITY = YES_AGGRESSIVE;
				CLANG_WARN_UNREACHABLE_CODE = YES;
				CLANG_WARN__DUPLICATE_METHOD_MATCH = YES;
				COPY_PHASE_STRIP = NO;
				DEBUG_INFORMATION_FORMAT = "dwarf-with-dsym";
				ENABLE_NS_ASSERTIONS = NO;
				ENABLE_STRICT_OBJC_MSGSEND = YES;
				GCC_C_LANGUAGE_STANDARD = gnu11;
				GCC_NO_COMMON_BLOCKS = YES;
				GCC_WARN_64_TO_32_BIT_CONVERSION = YES;
				GCC_WARN_ABOUT_RETURN_TYPE = YES_ERROR;
				GCC_WARN_UNDECLARED_SELECTOR = YES;
				GCC_WARN_UNINITIALIZED_AUTOS = YES_AGGRESSIVE;
				GCC_WARN_UNUSED_FUNCTION = YES;
				GCC_WARN_UNUSED_VARIABLE = YES;
				IPHONEOS_DEPLOYMENT_TARGET = 16.2;
				MTL_ENABLE_DEBUG_INFO = NO;
				MTL_FAST_MATH = YES;
				SDKROOT = iphoneos;
				SWIFT_COMPILATION_MODE = wholemodule;
				SWIFT_OPTIMIZATION_LEVEL = "-O";
				VALIDATE_PRODUCT = YES;
			};
			name = Release;
		};
		AD1F7AF92AA2F2D100A9EECA /* Debug */ = {
			isa = XCBuildConfiguration;
			buildSettings = {
				ASSETCATALOG_COMPILER_APPICON_NAME = AppIcon;
				ASSETCATALOG_COMPILER_GLOBAL_ACCENT_COLOR_NAME = AccentColor;
				CODE_SIGN_STYLE = Automatic;
				CURRENT_PROJECT_VERSION = 1;
				GENERATE_INFOPLIST_FILE = YES;
				INFOPLIST_FILE = SwiftAPICall/Info.plist;
				INFOPLIST_KEY_UIApplicationSupportsIndirectInputEvents = YES;
				INFOPLIST_KEY_UILaunchStoryboardName = LaunchScreen;
				INFOPLIST_KEY_UIMainStoryboardFile = Main;
				INFOPLIST_KEY_UISupportedInterfaceOrientations_iPad = "UIInterfaceOrientationPortrait UIInterfaceOrientationPortraitUpsideDown UIInterfaceOrientationLandscapeLeft UIInterfaceOrientationLandscapeRight";
				INFOPLIST_KEY_UISupportedInterfaceOrientations_iPhone = "UIInterfaceOrientationPortrait UIInterfaceOrientationLandscapeLeft UIInterfaceOrientationLandscapeRight";
				LD_RUNPATH_SEARCH_PATHS = (
					"$(inherited)",
					"@executable_path/Frameworks",
				);
				MARKETING_VERSION = 1.0;
				PRODUCT_BUNDLE_IDENTIFIER = com.RLloydsUITests.SwiftAPICall;
				PRODUCT_NAME = "$(TARGET_NAME)";
				SWIFT_EMIT_LOC_STRINGS = YES;
				SWIFT_VERSION = 5.0;
				TARGETED_DEVICE_FAMILY = "1,2";
			};
			name = Debug;
		};
		AD1F7AFA2AA2F2D100A9EECA /* Release */ = {
			isa = XCBuildConfiguration;
			buildSettings = {
				ASSETCATALOG_COMPILER_APPICON_NAME = AppIcon;
				ASSETCATALOG_COMPILER_GLOBAL_ACCENT_COLOR_NAME = AccentColor;
				CODE_SIGN_STYLE = Automatic;
				CURRENT_PROJECT_VERSION = 1;
				GENERATE_INFOPLIST_FILE = YES;
				INFOPLIST_FILE = SwiftAPICall/Info.plist;
				INFOPLIST_KEY_UIApplicationSupportsIndirectInputEvents = YES;
				INFOPLIST_KEY_UILaunchStoryboardName = LaunchScreen;
				INFOPLIST_KEY_UIMainStoryboardFile = Main;
				INFOPLIST_KEY_UISupportedInterfaceOrientations_iPad = "UIInterfaceOrientationPortrait UIInterfaceOrientationPortraitUpsideDown UIInterfaceOrientationLandscapeLeft UIInterfaceOrientationLandscapeRight";
				INFOPLIST_KEY_UISupportedInterfaceOrientations_iPhone = "UIInterfaceOrientationPortrait UIInterfaceOrientationLandscapeLeft UIInterfaceOrientationLandscapeRight";
				LD_RUNPATH_SEARCH_PATHS = (
					"$(inherited)",
					"@executable_path/Frameworks",
				);
				MARKETING_VERSION = 1.0;
				PRODUCT_BUNDLE_IDENTIFIER = com.RLloydsUITests.SwiftAPICall;
				PRODUCT_NAME = "$(TARGET_NAME)";
				SWIFT_EMIT_LOC_STRINGS = YES;
				SWIFT_VERSION = 5.0;
				TARGETED_DEVICE_FAMILY = "1,2";
			};
			name = Release;
		};
/* End XCBuildConfiguration section */

/* Begin XCConfigurationList section */
		AD1F7ADF2AA2F2CD00A9EECA /* Build configuration list for PBXProject "SwiftAPICall" */ = {
			isa = XCConfigurationList;
			buildConfigurations = (
				AD1F7AF62AA2F2D100A9EECA /* Debug */,
				AD1F7AF72AA2F2D100A9EECA /* Release */,
			);
			defaultConfigurationIsVisible = 0;
			defaultConfigurationName = Release;
		};
		AD1F7AF82AA2F2D100A9EECA /* Build configuration list for PBXNativeTarget "SwiftAPICall" */ = {
			isa = XCConfigurationList;
			buildConfigurations = (
				AD1F7AF92AA2F2D100A9EECA /* Debug */,
				AD1F7AFA2AA2F2D100A9EECA /* Release */,
			);
			defaultConfigurationIsVisible = 0;
			defaultConfigurationName = Release;
		};
/* End XCConfigurationList section */
	};
	rootObject = AD1F7ADC2AA2F2CD00A9EECA /* Project object */;
}
